
Microsoft Visual Studio Solution File, Format Version 12.00
# Visual Studio Version 16
VisualStudioVersion = 16.0.29009.5
MinimumVisualStudioVersion = 10.0.40219.1
Project("{9A19103F-16F7-4668-BE54-9A1E7A4F7556}") = "Panda.Web", "Panda.Web\Panda.Web.csproj", "{944A938C-B6AE-4A6E-8024-D5006DD22BC4}"
EndProject
Project("{9A19103F-16F7-4668-BE54-9A1E7A4F7556}") = "Panda.Data", "Panda.Data\Panda.Data.csproj", "{212E3E7C-72E5-4954-B243-CA557C8C2DA6}"
EndProject
Project("{9A19103F-16F7-4668-BE54-9A1E7A4F7556}") = "Panda.Domain", "Panda.Domain\Panda.Domain.csproj", "{06FF8371-A7D5-4C58-BAF3-8490DE1F1C61}"
EndProject
Project("{FAE04EC0-301F-11D3-BF4B-00C04F79EFBC}") = "Panda.Models", "Panda.Models\Panda.Models.csproj", "{AC7D2A64-195C-4801-89FE-5A4C5F477BF2}"
EndProject
Global
	GlobalSection(SolutionConfigurationPlatforms) = preSolution
		Debug|Any CPU = Debug|Any CPU
		Release|Any CPU = Release|Any CPU
	EndGlobalSection
	GlobalSection(ProjectConfigurationPlatforms) = postSolution
		{944A938C-B6AE-4A6E-8024-D5006DD22BC4}.Debug|Any CPU.ActiveCfg = Debug|Any CPU
		{944A938C-B6AE-4A6E-8024-D5006DD22BC4}.Debug|Any CPU.Build.0 = Debug|Any CPU
		{944A938C-B6AE-4A6E-8024-D5006DD22BC4}.Release|Any CPU.ActiveCfg = Release|Any CPU
		{944A938C-B6AE-4A6E-8024-D5006DD22BC4}.Release|Any CPU.Build.0 = Release|Any CPU
		{212E3E7C-72E5-4954-B243-CA557C8C2DA6}.Debug|Any CPU.ActiveCfg = Debug|Any CPU
		{212E3E7C-72E5-4954-B243-CA557C8C2DA6}.Debug|Any CPU.Build.0 = Debug|Any CPU
		{212E3E7C-72E5-4954-B243-CA557C8C2DA6}.Release|Any CPU.ActiveCfg = Release|Any CPU
		{212E3E7C-72E5-4954-B243-CA557C8C2DA6}.Release|Any CPU.Build.0 = Release|Any CPU
		{06FF8371-A7D5-4C58-BAF3-8490DE1F1C61}.Debug|Any CPU.ActiveCfg = Debug|Any CPU
		{06FF8371-A7D5-4C58-BAF3-8490DE1F1C61}.Debug|Any CPU.Build.0 = Debug|Any CPU
		{06FF8371-A7D5-4C58-BAF3-8490DE1F1C61}.Release|Any CPU.ActiveCfg = Release|Any CPU
		{06FF8371-A7D5-4C58-BAF3-8490DE1F1C61}.Release|Any CPU.Build.0 = Release|Any CPU
		{AC7D2A64-195C-4801-89FE-5A4C5F477BF2}.Debug|Any CPU.ActiveCfg = Debug|Any CPU
		{AC7D2A64-195C-4801-89FE-5A4C5F477BF2}.Debug|Any CPU.Build.0 = Debug|Any CPU
		{AC7D2A64-195C-4801-89FE-5A4C5F477BF2}.Release|Any CPU.ActiveCfg = Release|Any CPU
		{AC7D2A64-195C-4801-89FE-5A4C5F477BF2}.Release|Any CPU.Build.0 = Release|Any CPU
	EndGlobalSection
	GlobalSection(SolutionProperties) = preSolution
		HideSolutionNode = FALSE
	EndGlobalSection
	GlobalSection(ExtensibilityGlobals) = postSolution
		SolutionGuid = {9748B81E-532E-4998-A528-0453D168AC6A}
	EndGlobalSection
EndGlobal
